{
  "nodes": {
    "nixpkgs": {
      "locked": {
        "lastModified": 1666350705,
        "narHash": "sha256-Zp9eUTXmkahovgxfATV6E4sk/FwkQw65ht9jItbrNlk=",
        "owner": "nixos",
        "repo": "nixpkgs",
        "rev": "7ca2b0d9469a93245992af6de2dad82357e2f219",
        "type": "github"
      },
      "original": {
        "owner": "nixos",
        "repo": "nixpkgs",
        "type": "github"
      }
    },
    "root": {
      "inputs": {
        "nixpkgs": "nixpkgs"
      }
    }
  },
  "root": "root",
  "version": 7
}
